
Microsoft Visual Studio Solution File, Format Version 12.00
# Visual Studio Version 16
VisualStudioVersion = 16.0.30011.22
MinimumVisualStudioVersion = 10.0.40219.1
Project("{FAE04EC0-301F-11D3-BF4B-00C04F79EFBC}") = "Aula60", "Aula60\Aula60.csproj", "{B2E624C1-3317-4A79-8475-A5CA80D170B0}"
EndProject
Global
	GlobalSection(SolutionConfigurationPlatforms) = preSolution
		Debug|Any CPU = Debug|Any CPU
		Release|Any CPU = Release|Any CPU
	EndGlobalSection
	GlobalSection(ProjectConfigurationPlatforms) = postSolution
		{B2E624C1-3317-4A79-8475-A5CA80D170B0}.Debug|Any CPU.ActiveCfg = Debug|Any CPU
		{B2E624C1-3317-4A79-8475-A5CA80D170B0}.Debug|Any CPU.Build.0 = Debug|Any CPU
		{B2E624C1-3317-4A79-8475-A5CA80D170B0}.Release|Any CPU.ActiveCfg = Release|Any CPU
		{B2E624C1-3317-4A79-8475-A5CA80D170B0}.Release|Any CPU.Build.0 = Release|Any CPU
	EndGlobalSection
	GlobalSection(SolutionProperties) = preSolution
		HideSolutionNode = FALSE
	EndGlobalSection
	GlobalSection(ExtensibilityGlobals) = postSolution
		SolutionGuid = {4FB0DC20-55D7-4A85-8267-D89DB7AF301E}
	EndGlobalSection
EndGlobal
